
Microsoft Visual Studio Solution File, Format Version 12.00
# Visual Studio Version 17
VisualStudioVersion = 17.1.32228.430
MinimumVisualStudioVersion = 10.0.40219.1
Project("{2150E333-8FDC-42A3-9474-1A3956D46DE8}") = "Solution Items", "Solution Items", "{CDDA7443-77BD-4AF5-AA67-E8A1BAD201C2}"
	ProjectSection(SolutionItems) = preProject
		.editorconfig = .editorconfig
		Directory.Build.props = Directory.Build.props
		Directory.Packages.props = Directory.Packages.props
		global.json = global.json
		stylecop.json = stylecop.json
	EndProjectSection
EndProject
Project("{2150E333-8FDC-42A3-9474-1A3956D46DE8}") = "src", "src", "{16A54A4D-8AEA-42B3-B8CF-D8C7650BB3C6}"
	ProjectSection(SolutionItems) = preProject
		src\Directory.Build.props = src\Directory.Build.props
	EndProjectSection
EndProject
Project("{2150E333-8FDC-42A3-9474-1A3956D46DE8}") = "tests", "tests", "{00E7327F-10DF-4937-AC61-FE2FCDCCA88B}"
EndProject
Project("{9A19103F-16F7-4668-BE54-9A1E7A4F7556}") = "Dressca.ApplicationCore", "src\Dressca.ApplicationCore\Dressca.ApplicationCore.csproj", "{52C22EF6-8F6D-4BC9-8D5A-33E899DD97ED}"
EndProject
Project("{9A19103F-16F7-4668-BE54-9A1E7A4F7556}") = "Dressca.SystemCommon", "src\Dressca.SystemCommon\Dressca.SystemCommon.csproj", "{F1890C44-CBD7-494D-A3DA-EF9154F57EEC}"
EndProject
Project("{9A19103F-16F7-4668-BE54-9A1E7A4F7556}") = "Dressca.EfInfrastructure", "src\Dressca.EfInfrastructure\Dressca.EfInfrastructure.csproj", "{F000065D-C925-4795-A9B6-C5C1CD677ED3}"
EndProject
Project("{9A19103F-16F7-4668-BE54-9A1E7A4F7556}") = "Dressca.Store.Assets.StaticFiles", "src\Dressca.Store.Assets.StaticFiles\Dressca.Store.Assets.StaticFiles.csproj", "{6E6D331E-4F04-4B1B-8BDD-96B9A40FDFD4}"
EndProject
Project("{9A19103F-16F7-4668-BE54-9A1E7A4F7556}") = "Dressca.IntegrationTest", "tests\Dressca.IntegrationTest\Dressca.IntegrationTest.csproj", "{02FD7ACA-26D9-4289-9402-CB33D3D30C31}"
EndProject
Project("{9A19103F-16F7-4668-BE54-9A1E7A4F7556}") = "Maris.Logging.Testing", "src\Maris.Logging.Testing\Maris.Logging.Testing.csproj", "{C1977455-B7A4-4B25-9EB8-FE8CDA5E310C}"
EndProject
Project("{9A19103F-16F7-4668-BE54-9A1E7A4F7556}") = "Maris.Logging.Testing.Tests", "tests\Maris.Logging.Testing.Tests\Maris.Logging.Testing.Tests.csproj", "{768FE796-AC19-4360-BA73-5E1ADB56FB18}"
EndProject
Project("{9A19103F-16F7-4668-BE54-9A1E7A4F7556}") = "Dressca.UnitTests.ApplicationCore", "tests\Dressca.UnitTests.ApplicationCore\Dressca.UnitTests.ApplicationCore.csproj", "{16952779-9913-4B64-A049-51F4D5DBC359}"
EndProject
Project("{9A19103F-16F7-4668-BE54-9A1E7A4F7556}") = "Dressca.UnitTests.SystemCommon", "tests\Dressca.UnitTests.SystemCommon\Dressca.UnitTests.SystemCommon.csproj", "{C4E110CA-B933-4660-817A-57E22E413D4A}"
EndProject
Project("{9A19103F-16F7-4668-BE54-9A1E7A4F7556}") = "Dressca.Web.Consumer", "src\Dressca.Web.Consumer\Dressca.Web.Consumer.csproj", "{D9A4BA02-8886-48C3-AD6E-EE8DA260DC8C}"
EndProject
Project("{9A19103F-16F7-4668-BE54-9A1E7A4F7556}") = "Dressca.UnitTests.Web.Consumer", "tests\Dressca.UnitTests.Web.Consumer\Dressca.UnitTests.Web.Consumer.csproj", "{7BA7B435-5790-4F8F-BA23-A9F87A86BB66}"
EndProject
Project("{9A19103F-16F7-4668-BE54-9A1E7A4F7556}") = "Dressca.Web.Consumer.Dto", "src\Dressca.Web.Consumer.Dto\Dressca.Web.Consumer.Dto.csproj", "{DF1A785A-FB0B-451E-B459-E65FDCB67845}"
EndProject
Project("{9A19103F-16F7-4668-BE54-9A1E7A4F7556}") = "Dressca.Web", "src\Dressca.Web\Dressca.Web.csproj", "{CB5845EF-7067-407D-97D9-CA4E5B6FBA70}"
EndProject
Project("{9A19103F-16F7-4668-BE54-9A1E7A4F7556}") = "Dressca.UnitTests.Web", "tests\Dressca.UnitTests.Web\Dressca.UnitTests.Web.csproj", "{688341DB-7DDD-4001-A418-89A1D7C8C20D}"
EndProject
Project("{9A19103F-16F7-4668-BE54-9A1E7A4F7556}") = "Dressca.Web.Admin", "src\Dressca.Web.Admin\Dressca.Web.Admin.csproj", "{C35B1966-80C8-4E7A-8428-2F306BC81D77}"
EndProject
Project("{9A19103F-16F7-4668-BE54-9A1E7A4F7556}") = "Dressca.Web.Admin.Dto", "src\Dressca.Web.Admin.Dto\Dressca.Web.Admin.Dto.csproj", "{1C2AD0FD-847D-451E-B3C6-3E171515CE29}"
EndProject
Project("{9A19103F-16F7-4668-BE54-9A1E7A4F7556}") = "Dressca.UnitTests.Web.Admin", "tests\Dressca.UnitTests.Web.Admin\Dressca.UnitTests.Web.Admin.csproj", "{F6042453-900B-4E71-B50A-C1C4F7C20417}"
EndProject
Project("{9A19103F-16F7-4668-BE54-9A1E7A4F7556}") = "Dressca.Web.Admin.IntegrationTest", "tests\Dressca.Web.Admin.IntegrationTest\Dressca.Web.Admin.IntegrationTest.csproj", "{73ED362B-3A95-4C71-8057-BE34F6071DF2}"
EndProject
Global
	GlobalSection(SolutionConfigurationPlatforms) = preSolution
		Debug|Any CPU = Debug|Any CPU
		Release|Any CPU = Release|Any CPU
	EndGlobalSection
	GlobalSection(ProjectConfigurationPlatforms) = postSolution
		{52C22EF6-8F6D-4BC9-8D5A-33E899DD97ED}.Debug|Any CPU.ActiveCfg = Debug|Any CPU
		{52C22EF6-8F6D-4BC9-8D5A-33E899DD97ED}.Debug|Any CPU.Build.0 = Debug|Any CPU
		{52C22EF6-8F6D-4BC9-8D5A-33E899DD97ED}.Release|Any CPU.ActiveCfg = Release|Any CPU
		{52C22EF6-8F6D-4BC9-8D5A-33E899DD97ED}.Release|Any CPU.Build.0 = Release|Any CPU
		{F1890C44-CBD7-494D-A3DA-EF9154F57EEC}.Debug|Any CPU.ActiveCfg = Debug|Any CPU
		{F1890C44-CBD7-494D-A3DA-EF9154F57EEC}.Debug|Any CPU.Build.0 = Debug|Any CPU
		{F1890C44-CBD7-494D-A3DA-EF9154F57EEC}.Release|Any CPU.ActiveCfg = Release|Any CPU
		{F1890C44-CBD7-494D-A3DA-EF9154F57EEC}.Release|Any CPU.Build.0 = Release|Any CPU
		{F000065D-C925-4795-A9B6-C5C1CD677ED3}.Debug|Any CPU.ActiveCfg = Debug|Any CPU
		{F000065D-C925-4795-A9B6-C5C1CD677ED3}.Debug|Any CPU.Build.0 = Debug|Any CPU
		{F000065D-C925-4795-A9B6-C5C1CD677ED3}.Release|Any CPU.ActiveCfg = Release|Any CPU
		{F000065D-C925-4795-A9B6-C5C1CD677ED3}.Release|Any CPU.Build.0 = Release|Any CPU
		{6E6D331E-4F04-4B1B-8BDD-96B9A40FDFD4}.Debug|Any CPU.ActiveCfg = Debug|Any CPU
		{6E6D331E-4F04-4B1B-8BDD-96B9A40FDFD4}.Debug|Any CPU.Build.0 = Debug|Any CPU
		{6E6D331E-4F04-4B1B-8BDD-96B9A40FDFD4}.Release|Any CPU.ActiveCfg = Release|Any CPU
		{6E6D331E-4F04-4B1B-8BDD-96B9A40FDFD4}.Release|Any CPU.Build.0 = Release|Any CPU
		{02FD7ACA-26D9-4289-9402-CB33D3D30C31}.Debug|Any CPU.ActiveCfg = Debug|Any CPU
		{02FD7ACA-26D9-4289-9402-CB33D3D30C31}.Debug|Any CPU.Build.0 = Debug|Any CPU
		{02FD7ACA-26D9-4289-9402-CB33D3D30C31}.Release|Any CPU.ActiveCfg = Release|Any CPU
		{02FD7ACA-26D9-4289-9402-CB33D3D30C31}.Release|Any CPU.Build.0 = Release|Any CPU
		{C1977455-B7A4-4B25-9EB8-FE8CDA5E310C}.Debug|Any CPU.ActiveCfg = Debug|Any CPU
		{C1977455-B7A4-4B25-9EB8-FE8CDA5E310C}.Debug|Any CPU.Build.0 = Debug|Any CPU
		{C1977455-B7A4-4B25-9EB8-FE8CDA5E310C}.Release|Any CPU.ActiveCfg = Release|Any CPU
		{C1977455-B7A4-4B25-9EB8-FE8CDA5E310C}.Release|Any CPU.Build.0 = Release|Any CPU
		{768FE796-AC19-4360-BA73-5E1ADB56FB18}.Debug|Any CPU.ActiveCfg = Debug|Any CPU
		{768FE796-AC19-4360-BA73-5E1ADB56FB18}.Debug|Any CPU.Build.0 = Debug|Any CPU
		{768FE796-AC19-4360-BA73-5E1ADB56FB18}.Release|Any CPU.ActiveCfg = Release|Any CPU
		{768FE796-AC19-4360-BA73-5E1ADB56FB18}.Release|Any CPU.Build.0 = Release|Any CPU
		{16952779-9913-4B64-A049-51F4D5DBC359}.Debug|Any CPU.ActiveCfg = Debug|Any CPU
		{16952779-9913-4B64-A049-51F4D5DBC359}.Debug|Any CPU.Build.0 = Debug|Any CPU
		{16952779-9913-4B64-A049-51F4D5DBC359}.Release|Any CPU.ActiveCfg = Release|Any CPU
		{16952779-9913-4B64-A049-51F4D5DBC359}.Release|Any CPU.Build.0 = Release|Any CPU
		{C4E110CA-B933-4660-817A-57E22E413D4A}.Debug|Any CPU.ActiveCfg = Debug|Any CPU
		{C4E110CA-B933-4660-817A-57E22E413D4A}.Debug|Any CPU.Build.0 = Debug|Any CPU
		{C4E110CA-B933-4660-817A-57E22E413D4A}.Release|Any CPU.ActiveCfg = Release|Any CPU
		{C4E110CA-B933-4660-817A-57E22E413D4A}.Release|Any CPU.Build.0 = Release|Any CPU
		{D9A4BA02-8886-48C3-AD6E-EE8DA260DC8C}.Debug|Any CPU.ActiveCfg = Debug|Any CPU
		{D9A4BA02-8886-48C3-AD6E-EE8DA260DC8C}.Debug|Any CPU.Build.0 = Debug|Any CPU
		{D9A4BA02-8886-48C3-AD6E-EE8DA260DC8C}.Release|Any CPU.ActiveCfg = Release|Any CPU
		{D9A4BA02-8886-48C3-AD6E-EE8DA260DC8C}.Release|Any CPU.Build.0 = Release|Any CPU
		{7BA7B435-5790-4F8F-BA23-A9F87A86BB66}.Debug|Any CPU.ActiveCfg = Debug|Any CPU
		{7BA7B435-5790-4F8F-BA23-A9F87A86BB66}.Debug|Any CPU.Build.0 = Debug|Any CPU
		{7BA7B435-5790-4F8F-BA23-A9F87A86BB66}.Release|Any CPU.ActiveCfg = Release|Any CPU
		{7BA7B435-5790-4F8F-BA23-A9F87A86BB66}.Release|Any CPU.Build.0 = Release|Any CPU
		{DF1A785A-FB0B-451E-B459-E65FDCB67845}.Debug|Any CPU.ActiveCfg = Debug|Any CPU
		{DF1A785A-FB0B-451E-B459-E65FDCB67845}.Debug|Any CPU.Build.0 = Debug|Any CPU
		{DF1A785A-FB0B-451E-B459-E65FDCB67845}.Release|Any CPU.ActiveCfg = Release|Any CPU
		{DF1A785A-FB0B-451E-B459-E65FDCB67845}.Release|Any CPU.Build.0 = Release|Any CPU
		{CB5845EF-7067-407D-97D9-CA4E5B6FBA70}.Debug|Any CPU.ActiveCfg = Debug|Any CPU
		{CB5845EF-7067-407D-97D9-CA4E5B6FBA70}.Debug|Any CPU.Build.0 = Debug|Any CPU
		{CB5845EF-7067-407D-97D9-CA4E5B6FBA70}.Release|Any CPU.ActiveCfg = Release|Any CPU
		{CB5845EF-7067-407D-97D9-CA4E5B6FBA70}.Release|Any CPU.Build.0 = Release|Any CPU
		{688341DB-7DDD-4001-A418-89A1D7C8C20D}.Debug|Any CPU.ActiveCfg = Debug|Any CPU
		{688341DB-7DDD-4001-A418-89A1D7C8C20D}.Debug|Any CPU.Build.0 = Debug|Any CPU
		{688341DB-7DDD-4001-A418-89A1D7C8C20D}.Release|Any CPU.ActiveCfg = Release|Any CPU
		{688341DB-7DDD-4001-A418-89A1D7C8C20D}.Release|Any CPU.Build.0 = Release|Any CPU
		{C35B1966-80C8-4E7A-8428-2F306BC81D77}.Debug|Any CPU.ActiveCfg = Debug|Any CPU
		{C35B1966-80C8-4E7A-8428-2F306BC81D77}.Debug|Any CPU.Build.0 = Debug|Any CPU
		{C35B1966-80C8-4E7A-8428-2F306BC81D77}.Release|Any CPU.ActiveCfg = Release|Any CPU
		{C35B1966-80C8-4E7A-8428-2F306BC81D77}.Release|Any CPU.Build.0 = Release|Any CPU
		{1C2AD0FD-847D-451E-B3C6-3E171515CE29}.Debug|Any CPU.ActiveCfg = Debug|Any CPU
		{1C2AD0FD-847D-451E-B3C6-3E171515CE29}.Debug|Any CPU.Build.0 = Debug|Any CPU
		{1C2AD0FD-847D-451E-B3C6-3E171515CE29}.Release|Any CPU.ActiveCfg = Release|Any CPU
		{1C2AD0FD-847D-451E-B3C6-3E171515CE29}.Release|Any CPU.Build.0 = Release|Any CPU
		{F6042453-900B-4E71-B50A-C1C4F7C20417}.Debug|Any CPU.ActiveCfg = Debug|Any CPU
		{F6042453-900B-4E71-B50A-C1C4F7C20417}.Debug|Any CPU.Build.0 = Debug|Any CPU
		{F6042453-900B-4E71-B50A-C1C4F7C20417}.Release|Any CPU.ActiveCfg = Release|Any CPU
		{F6042453-900B-4E71-B50A-C1C4F7C20417}.Release|Any CPU.Build.0 = Release|Any CPU
		{73ED362B-3A95-4C71-8057-BE34F6071DF2}.Debug|Any CPU.ActiveCfg = Debug|Any CPU
		{73ED362B-3A95-4C71-8057-BE34F6071DF2}.Debug|Any CPU.Build.0 = Debug|Any CPU
		{73ED362B-3A95-4C71-8057-BE34F6071DF2}.Release|Any CPU.ActiveCfg = Release|Any CPU
		{73ED362B-3A95-4C71-8057-BE34F6071DF2}.Release|Any CPU.Build.0 = Release|Any CPU
	EndGlobalSection
	GlobalSection(SolutionProperties) = preSolution
		HideSolutionNode = FALSE
	EndGlobalSection
	GlobalSection(NestedProjects) = preSolution
		{52C22EF6-8F6D-4BC9-8D5A-33E899DD97ED} = {16A54A4D-8AEA-42B3-B8CF-D8C7650BB3C6}
		{F1890C44-CBD7-494D-A3DA-EF9154F57EEC} = {16A54A4D-8AEA-42B3-B8CF-D8C7650BB3C6}
		{F000065D-C925-4795-A9B6-C5C1CD677ED3} = {16A54A4D-8AEA-42B3-B8CF-D8C7650BB3C6}
		{6E6D331E-4F04-4B1B-8BDD-96B9A40FDFD4} = {16A54A4D-8AEA-42B3-B8CF-D8C7650BB3C6}
		{02FD7ACA-26D9-4289-9402-CB33D3D30C31} = {00E7327F-10DF-4937-AC61-FE2FCDCCA88B}
		{C1977455-B7A4-4B25-9EB8-FE8CDA5E310C} = {16A54A4D-8AEA-42B3-B8CF-D8C7650BB3C6}
		{768FE796-AC19-4360-BA73-5E1ADB56FB18} = {00E7327F-10DF-4937-AC61-FE2FCDCCA88B}
		{16952779-9913-4B64-A049-51F4D5DBC359} = {00E7327F-10DF-4937-AC61-FE2FCDCCA88B}
		{C4E110CA-B933-4660-817A-57E22E413D4A} = {00E7327F-10DF-4937-AC61-FE2FCDCCA88B}
		{D9A4BA02-8886-48C3-AD6E-EE8DA260DC8C} = {16A54A4D-8AEA-42B3-B8CF-D8C7650BB3C6}
		{7BA7B435-5790-4F8F-BA23-A9F87A86BB66} = {00E7327F-10DF-4937-AC61-FE2FCDCCA88B}
		{DF1A785A-FB0B-451E-B459-E65FDCB67845} = {16A54A4D-8AEA-42B3-B8CF-D8C7650BB3C6}
		{CB5845EF-7067-407D-97D9-CA4E5B6FBA70} = {16A54A4D-8AEA-42B3-B8CF-D8C7650BB3C6}
		{688341DB-7DDD-4001-A418-89A1D7C8C20D} = {00E7327F-10DF-4937-AC61-FE2FCDCCA88B}
		{C35B1966-80C8-4E7A-8428-2F306BC81D77} = {16A54A4D-8AEA-42B3-B8CF-D8C7650BB3C6}
		{1C2AD0FD-847D-451E-B3C6-3E171515CE29} = {16A54A4D-8AEA-42B3-B8CF-D8C7650BB3C6}
		{F6042453-900B-4E71-B50A-C1C4F7C20417} = {00E7327F-10DF-4937-AC61-FE2FCDCCA88B}
		{73ED362B-3A95-4C71-8057-BE34F6071DF2} = {00E7327F-10DF-4937-AC61-FE2FCDCCA88B}
	EndGlobalSection
	GlobalSection(ExtensibilityGlobals) = postSolution
		SolutionGuid = {8FD66EC1-E1D1-4664-9ACE-8026659FD708}
	EndGlobalSection
EndGlobal
