
Microsoft Visual Studio Solution File, Format Version 12.00
# Visual Studio Version 17
VisualStudioVersion = 17.1.32228.430
MinimumVisualStudioVersion = 10.0.40219.1
Project("{2150E333-8FDC-42A3-9474-1A3956D46DE8}") = "Solution Items", "Solution Items", "{CDDA7443-77BD-4AF5-AA67-E8A1BAD201C2}"
	ProjectSection(SolutionItems) = preProject
		.editorconfig = .editorconfig
		Directory.Build.props = Directory.Build.props
		Directory.Packages.props = Directory.Packages.props
		global.json = global.json
		stylecop.json = stylecop.json
	EndProjectSection
EndProject
Project("{2150E333-8FDC-42A3-9474-1A3956D46DE8}") = "src", "src", "{16A54A4D-8AEA-42B3-B8CF-D8C7650BB3C6}"
	ProjectSection(SolutionItems) = preProject
		src\Directory.Build.props = src\Directory.Build.props
	EndProjectSection
EndProject
Project("{2150E333-8FDC-42A3-9474-1A3956D46DE8}") = "tests", "tests", "{00E7327F-10DF-4937-AC61-FE2FCDCCA88B}"
EndProject
Project("{9A19103F-16F7-4668-BE54-9A1E7A4F7556}") = "Dressca.ApplicationCore", "src\Dressca.ApplicationCore\Dressca.ApplicationCore.csproj", "{52C22EF6-8F6D-4BC9-8D5A-33E899DD97ED}"
EndProject
Project("{9A19103F-16F7-4668-BE54-9A1E7A4F7556}") = "Dressca.SystemCommon", "src\Dressca.SystemCommon\Dressca.SystemCommon.csproj", "{F1890C44-CBD7-494D-A3DA-EF9154F57EEC}"
EndProject
Project("{9A19103F-16F7-4668-BE54-9A1E7A4F7556}") = "Dressca.EfInfrastructure", "src\Dressca.EfInfrastructure\Dressca.EfInfrastructure.csproj", "{F000065D-C925-4795-A9B6-C5C1CD677ED3}"
EndProject
Project("{9A19103F-16F7-4668-BE54-9A1E7A4F7556}") = "Dressca.Web", "src\Dressca.Web\Dressca.Web.csproj", "{795D8320-6227-418A-B970-D2E851EA9AB6}"
EndProject
Project("{9A19103F-16F7-4668-BE54-9A1E7A4F7556}") = "Dressca.Web.Dto", "src\Dressca.Web.Dto\Dressca.Web.Dto.csproj", "{CAAA0815-902E-421D-A721-50DCCA839A62}"
EndProject
Project("{9A19103F-16F7-4668-BE54-9A1E7A4F7556}") = "Dressca.Store.Assets.StaticFiles", "src\Dressca.Store.Assets.StaticFiles\Dressca.Store.Assets.StaticFiles.csproj", "{6E6D331E-4F04-4B1B-8BDD-96B9A40FDFD4}"
EndProject
Project("{9A19103F-16F7-4668-BE54-9A1E7A4F7556}") = "Dressca.IntegrationTest", "tests\Dressca.IntegrationTest\Dressca.IntegrationTest.csproj", "{02FD7ACA-26D9-4289-9402-CB33D3D30C31}"
EndProject
Project("{9A19103F-16F7-4668-BE54-9A1E7A4F7556}") = "Maris.Logging.Testing", "src\Maris.Logging.Testing\Maris.Logging.Testing.csproj", "{C1977455-B7A4-4B25-9EB8-FE8CDA5E310C}"
EndProject
Project("{9A19103F-16F7-4668-BE54-9A1E7A4F7556}") = "Maris.Logging.Testing.Tests", "tests\Maris.Logging.Testing.Tests\Maris.Logging.Testing.Tests.csproj", "{768FE796-AC19-4360-BA73-5E1ADB56FB18}"
EndProject
Project("{9A19103F-16F7-4668-BE54-9A1E7A4F7556}") = "Dressca.UnitTests.Web", "tests\Dressca.UnitTests.Web\Dressca.UnitTests.Web.csproj", "{B1FC8199-6403-469C-B480-F3F05093D4D1}"
EndProject
Project("{9A19103F-16F7-4668-BE54-9A1E7A4F7556}") = "Dressca.UnitTests.ApplicationCore", "tests\Dressca.UnitTests.ApplicationCore\Dressca.UnitTests.ApplicationCore.csproj", "{16952779-9913-4B64-A049-51F4D5DBC359}"
EndProject
Project("{9A19103F-16F7-4668-BE54-9A1E7A4F7556}") = "Dressca.UnitTests.SystemCommon", "tests\Dressca.UnitTests.SystemCommon\Dressca.UnitTests.SystemCommon.csproj", "{C4E110CA-B933-4660-817A-57E22E413D4A}"
EndProject
Project("{9A19103F-16F7-4668-BE54-9A1E7A4F7556}") = "Dressca.Web.Admin", "src\Dressca.Web.Admin\Dressca.Web.Admin.csproj", "{6B74070F-2C0C-43E5-BF36-796F078E4CFB}"
EndProject
Project("{9A19103F-16F7-4668-BE54-9A1E7A4F7556}") = "Dressca.Web.Admin.Dto", "src\Dressca.Web.Admin.Dto\Dressca.Web.Admin.Dto.csproj", "{113B29BD-62F6-440E-9FD4-6E2746853621}"
EndProject
Global
	GlobalSection(SolutionConfigurationPlatforms) = preSolution
		Debug|Any CPU = Debug|Any CPU
		Release|Any CPU = Release|Any CPU
	EndGlobalSection
	GlobalSection(ProjectConfigurationPlatforms) = postSolution
		{52C22EF6-8F6D-4BC9-8D5A-33E899DD97ED}.Debug|Any CPU.ActiveCfg = Debug|Any CPU
		{52C22EF6-8F6D-4BC9-8D5A-33E899DD97ED}.Debug|Any CPU.Build.0 = Debug|Any CPU
		{52C22EF6-8F6D-4BC9-8D5A-33E899DD97ED}.Release|Any CPU.ActiveCfg = Release|Any CPU
		{52C22EF6-8F6D-4BC9-8D5A-33E899DD97ED}.Release|Any CPU.Build.0 = Release|Any CPU
		{F1890C44-CBD7-494D-A3DA-EF9154F57EEC}.Debug|Any CPU.ActiveCfg = Debug|Any CPU
		{F1890C44-CBD7-494D-A3DA-EF9154F57EEC}.Debug|Any CPU.Build.0 = Debug|Any CPU
		{F1890C44-CBD7-494D-A3DA-EF9154F57EEC}.Release|Any CPU.ActiveCfg = Release|Any CPU
		{F1890C44-CBD7-494D-A3DA-EF9154F57EEC}.Release|Any CPU.Build.0 = Release|Any CPU
		{F000065D-C925-4795-A9B6-C5C1CD677ED3}.Debug|Any CPU.ActiveCfg = Debug|Any CPU
		{F000065D-C925-4795-A9B6-C5C1CD677ED3}.Debug|Any CPU.Build.0 = Debug|Any CPU
		{F000065D-C925-4795-A9B6-C5C1CD677ED3}.Release|Any CPU.ActiveCfg = Release|Any CPU
		{F000065D-C925-4795-A9B6-C5C1CD677ED3}.Release|Any CPU.Build.0 = Release|Any CPU
		{795D8320-6227-418A-B970-D2E851EA9AB6}.Debug|Any CPU.ActiveCfg = Debug|Any CPU
		{795D8320-6227-418A-B970-D2E851EA9AB6}.Debug|Any CPU.Build.0 = Debug|Any CPU
		{795D8320-6227-418A-B970-D2E851EA9AB6}.Release|Any CPU.ActiveCfg = Release|Any CPU
		{795D8320-6227-418A-B970-D2E851EA9AB6}.Release|Any CPU.Build.0 = Release|Any CPU
		{CAAA0815-902E-421D-A721-50DCCA839A62}.Debug|Any CPU.ActiveCfg = Debug|Any CPU
		{CAAA0815-902E-421D-A721-50DCCA839A62}.Debug|Any CPU.Build.0 = Debug|Any CPU
		{CAAA0815-902E-421D-A721-50DCCA839A62}.Release|Any CPU.ActiveCfg = Release|Any CPU
		{CAAA0815-902E-421D-A721-50DCCA839A62}.Release|Any CPU.Build.0 = Release|Any CPU
		{6E6D331E-4F04-4B1B-8BDD-96B9A40FDFD4}.Debug|Any CPU.ActiveCfg = Debug|Any CPU
		{6E6D331E-4F04-4B1B-8BDD-96B9A40FDFD4}.Debug|Any CPU.Build.0 = Debug|Any CPU
		{6E6D331E-4F04-4B1B-8BDD-96B9A40FDFD4}.Release|Any CPU.ActiveCfg = Release|Any CPU
		{6E6D331E-4F04-4B1B-8BDD-96B9A40FDFD4}.Release|Any CPU.Build.0 = Release|Any CPU
		{02FD7ACA-26D9-4289-9402-CB33D3D30C31}.Debug|Any CPU.ActiveCfg = Debug|Any CPU
		{02FD7ACA-26D9-4289-9402-CB33D3D30C31}.Debug|Any CPU.Build.0 = Debug|Any CPU
		{02FD7ACA-26D9-4289-9402-CB33D3D30C31}.Release|Any CPU.ActiveCfg = Release|Any CPU
		{02FD7ACA-26D9-4289-9402-CB33D3D30C31}.Release|Any CPU.Build.0 = Release|Any CPU
		{C1977455-B7A4-4B25-9EB8-FE8CDA5E310C}.Debug|Any CPU.ActiveCfg = Debug|Any CPU
		{C1977455-B7A4-4B25-9EB8-FE8CDA5E310C}.Debug|Any CPU.Build.0 = Debug|Any CPU
		{C1977455-B7A4-4B25-9EB8-FE8CDA5E310C}.Release|Any CPU.ActiveCfg = Release|Any CPU
		{C1977455-B7A4-4B25-9EB8-FE8CDA5E310C}.Release|Any CPU.Build.0 = Release|Any CPU
		{768FE796-AC19-4360-BA73-5E1ADB56FB18}.Debug|Any CPU.ActiveCfg = Debug|Any CPU
		{768FE796-AC19-4360-BA73-5E1ADB56FB18}.Debug|Any CPU.Build.0 = Debug|Any CPU
		{768FE796-AC19-4360-BA73-5E1ADB56FB18}.Release|Any CPU.ActiveCfg = Release|Any CPU
		{768FE796-AC19-4360-BA73-5E1ADB56FB18}.Release|Any CPU.Build.0 = Release|Any CPU
		{B1FC8199-6403-469C-B480-F3F05093D4D1}.Debug|Any CPU.ActiveCfg = Debug|Any CPU
		{B1FC8199-6403-469C-B480-F3F05093D4D1}.Debug|Any CPU.Build.0 = Debug|Any CPU
		{B1FC8199-6403-469C-B480-F3F05093D4D1}.Release|Any CPU.ActiveCfg = Release|Any CPU
		{B1FC8199-6403-469C-B480-F3F05093D4D1}.Release|Any CPU.Build.0 = Release|Any CPU
		{16952779-9913-4B64-A049-51F4D5DBC359}.Debug|Any CPU.ActiveCfg = Debug|Any CPU
		{16952779-9913-4B64-A049-51F4D5DBC359}.Debug|Any CPU.Build.0 = Debug|Any CPU
		{16952779-9913-4B64-A049-51F4D5DBC359}.Release|Any CPU.ActiveCfg = Release|Any CPU
		{16952779-9913-4B64-A049-51F4D5DBC359}.Release|Any CPU.Build.0 = Release|Any CPU
		{C4E110CA-B933-4660-817A-57E22E413D4A}.Debug|Any CPU.ActiveCfg = Debug|Any CPU
		{C4E110CA-B933-4660-817A-57E22E413D4A}.Debug|Any CPU.Build.0 = Debug|Any CPU
		{C4E110CA-B933-4660-817A-57E22E413D4A}.Release|Any CPU.ActiveCfg = Release|Any CPU
		{C4E110CA-B933-4660-817A-57E22E413D4A}.Release|Any CPU.Build.0 = Release|Any CPU
		{6B74070F-2C0C-43E5-BF36-796F078E4CFB}.Debug|Any CPU.ActiveCfg = Debug|Any CPU
		{6B74070F-2C0C-43E5-BF36-796F078E4CFB}.Debug|Any CPU.Build.0 = Debug|Any CPU
		{6B74070F-2C0C-43E5-BF36-796F078E4CFB}.Release|Any CPU.ActiveCfg = Release|Any CPU
		{6B74070F-2C0C-43E5-BF36-796F078E4CFB}.Release|Any CPU.Build.0 = Release|Any CPU
		{113B29BD-62F6-440E-9FD4-6E2746853621}.Debug|Any CPU.ActiveCfg = Debug|Any CPU
		{113B29BD-62F6-440E-9FD4-6E2746853621}.Debug|Any CPU.Build.0 = Debug|Any CPU
		{113B29BD-62F6-440E-9FD4-6E2746853621}.Release|Any CPU.ActiveCfg = Release|Any CPU
		{113B29BD-62F6-440E-9FD4-6E2746853621}.Release|Any CPU.Build.0 = Release|Any CPU
	EndGlobalSection
	GlobalSection(SolutionProperties) = preSolution
		HideSolutionNode = FALSE
	EndGlobalSection
	GlobalSection(NestedProjects) = preSolution
		{52C22EF6-8F6D-4BC9-8D5A-33E899DD97ED} = {16A54A4D-8AEA-42B3-B8CF-D8C7650BB3C6}
		{F1890C44-CBD7-494D-A3DA-EF9154F57EEC} = {16A54A4D-8AEA-42B3-B8CF-D8C7650BB3C6}
		{F000065D-C925-4795-A9B6-C5C1CD677ED3} = {16A54A4D-8AEA-42B3-B8CF-D8C7650BB3C6}
		{795D8320-6227-418A-B970-D2E851EA9AB6} = {16A54A4D-8AEA-42B3-B8CF-D8C7650BB3C6}
		{CAAA0815-902E-421D-A721-50DCCA839A62} = {16A54A4D-8AEA-42B3-B8CF-D8C7650BB3C6}
		{6E6D331E-4F04-4B1B-8BDD-96B9A40FDFD4} = {16A54A4D-8AEA-42B3-B8CF-D8C7650BB3C6}
		{02FD7ACA-26D9-4289-9402-CB33D3D30C31} = {00E7327F-10DF-4937-AC61-FE2FCDCCA88B}
		{C1977455-B7A4-4B25-9EB8-FE8CDA5E310C} = {16A54A4D-8AEA-42B3-B8CF-D8C7650BB3C6}
		{768FE796-AC19-4360-BA73-5E1ADB56FB18} = {00E7327F-10DF-4937-AC61-FE2FCDCCA88B}
		{B1FC8199-6403-469C-B480-F3F05093D4D1} = {00E7327F-10DF-4937-AC61-FE2FCDCCA88B}
		{16952779-9913-4B64-A049-51F4D5DBC359} = {00E7327F-10DF-4937-AC61-FE2FCDCCA88B}
		{C4E110CA-B933-4660-817A-57E22E413D4A} = {00E7327F-10DF-4937-AC61-FE2FCDCCA88B}
		{6B74070F-2C0C-43E5-BF36-796F078E4CFB} = {16A54A4D-8AEA-42B3-B8CF-D8C7650BB3C6}
		{113B29BD-62F6-440E-9FD4-6E2746853621} = {16A54A4D-8AEA-42B3-B8CF-D8C7650BB3C6}
	EndGlobalSection
	GlobalSection(ExtensibilityGlobals) = postSolution
		SolutionGuid = {8FD66EC1-E1D1-4664-9ACE-8026659FD708}
	EndGlobalSection
EndGlobal
