
Microsoft Visual Studio Solution File, Format Version 12.00
# Visual Studio Version 17
VisualStudioVersion = 17.3.32922.545
MinimumVisualStudioVersion = 10.0.40219.1
Project("{2150E333-8FDC-42A3-9474-1A3956D46DE8}") = "ソリューション項目", "ソリューション項目", "{41F1DCD4-FAA1-4ED7-AD4F-AD5CD1077368}"
	ProjectSection(SolutionItems) = preProject
		.editorconfig = .editorconfig
		Directory.Build.props = Directory.Build.props
		Directory.Packages.props = Directory.Packages.props
		global.json = global.json
		README.md = README.md
		stylecop.json = stylecop.json
	EndProjectSection
EndProject
Project("{2150E333-8FDC-42A3-9474-1A3956D46DE8}") = "src", "src", "{BECFFBEF-C7B6-4321-8086-18E7944C9B87}"
	ProjectSection(SolutionItems) = preProject
		src\Directory.Build.props = src\Directory.Build.props
	EndProjectSection
EndProject
Project("{2150E333-8FDC-42A3-9474-1A3956D46DE8}") = "tests", "tests", "{938E8E03-C54D-4234-A14A-4CE314992B08}"
	ProjectSection(SolutionItems) = preProject
		tests\.editorconfig = tests\.editorconfig
		tests\Directory.Build.props = tests\Directory.Build.props
	EndProjectSection
EndProject
Project("{9A19103F-16F7-4668-BE54-9A1E7A4F7556}") = "Maris.ConsoleApp.Core", "src\Maris.ConsoleApp.Core\Maris.ConsoleApp.Core.csproj", "{4404501E-BCC5-41BD-9A67-C67C8FED9FF0}"
EndProject
Project("{9A19103F-16F7-4668-BE54-9A1E7A4F7556}") = "Maris.ConsoleApp.Hosting", "src\Maris.ConsoleApp.Hosting\Maris.ConsoleApp.Hosting.csproj", "{B309A07C-5F22-4772-87D2-CF0BF5B65A8B}"
EndProject
Project("{9A19103F-16F7-4668-BE54-9A1E7A4F7556}") = "Maris.Samples.ApplicationCore", "src\Maris.Samples.ApplicationCore\Maris.Samples.ApplicationCore.csproj", "{A50B0D03-8CDE-47A5-970B-7706555A6848}"
EndProject
Project("{9A19103F-16F7-4668-BE54-9A1E7A4F7556}") = "Maris.Samples.InMemoryInfrastructure", "src\Maris.Samples.InMemoryInfrastructure\Maris.Samples.InMemoryInfrastructure.csproj", "{68C1AEF9-1CD4-4800-AFED-8AB1A71FF2E9}"
EndProject
Project("{9A19103F-16F7-4668-BE54-9A1E7A4F7556}") = "Maris.Samples.Cli", "src\Maris.Samples.Cli\Maris.Samples.Cli.csproj", "{8DC9AA0F-028F-4C73-98FD-46A31DBC174D}"
EndProject
Project("{9A19103F-16F7-4668-BE54-9A1E7A4F7556}") = "Maris.ConsoleApp.UnitTests", "tests\Maris.ConsoleApp.UnitTests\Maris.ConsoleApp.UnitTests.csproj", "{E3470347-A48E-4899-AFC9-1B6C4832FFC2}"
EndProject
Project("{9A19103F-16F7-4668-BE54-9A1E7A4F7556}") = "Maris.ConsoleApp.IntegrationTests", "tests\Maris.ConsoleApp.IntegrationTests\Maris.ConsoleApp.IntegrationTests.csproj", "{0DF6783C-412B-4124-99DD-70385C577FAB}"
EndProject
Global
	GlobalSection(SolutionConfigurationPlatforms) = preSolution
		Debug|Any CPU = Debug|Any CPU
		Release|Any CPU = Release|Any CPU
	EndGlobalSection
	GlobalSection(ProjectConfigurationPlatforms) = postSolution
		{4404501E-BCC5-41BD-9A67-C67C8FED9FF0}.Debug|Any CPU.ActiveCfg = Debug|Any CPU
		{4404501E-BCC5-41BD-9A67-C67C8FED9FF0}.Debug|Any CPU.Build.0 = Debug|Any CPU
		{4404501E-BCC5-41BD-9A67-C67C8FED9FF0}.Release|Any CPU.ActiveCfg = Release|Any CPU
		{4404501E-BCC5-41BD-9A67-C67C8FED9FF0}.Release|Any CPU.Build.0 = Release|Any CPU
		{B309A07C-5F22-4772-87D2-CF0BF5B65A8B}.Debug|Any CPU.ActiveCfg = Debug|Any CPU
		{B309A07C-5F22-4772-87D2-CF0BF5B65A8B}.Debug|Any CPU.Build.0 = Debug|Any CPU
		{B309A07C-5F22-4772-87D2-CF0BF5B65A8B}.Release|Any CPU.ActiveCfg = Release|Any CPU
		{B309A07C-5F22-4772-87D2-CF0BF5B65A8B}.Release|Any CPU.Build.0 = Release|Any CPU
		{A50B0D03-8CDE-47A5-970B-7706555A6848}.Debug|Any CPU.ActiveCfg = Debug|Any CPU
		{A50B0D03-8CDE-47A5-970B-7706555A6848}.Debug|Any CPU.Build.0 = Debug|Any CPU
		{A50B0D03-8CDE-47A5-970B-7706555A6848}.Release|Any CPU.ActiveCfg = Release|Any CPU
		{A50B0D03-8CDE-47A5-970B-7706555A6848}.Release|Any CPU.Build.0 = Release|Any CPU
		{68C1AEF9-1CD4-4800-AFED-8AB1A71FF2E9}.Debug|Any CPU.ActiveCfg = Debug|Any CPU
		{68C1AEF9-1CD4-4800-AFED-8AB1A71FF2E9}.Debug|Any CPU.Build.0 = Debug|Any CPU
		{68C1AEF9-1CD4-4800-AFED-8AB1A71FF2E9}.Release|Any CPU.ActiveCfg = Release|Any CPU
		{68C1AEF9-1CD4-4800-AFED-8AB1A71FF2E9}.Release|Any CPU.Build.0 = Release|Any CPU
		{8DC9AA0F-028F-4C73-98FD-46A31DBC174D}.Debug|Any CPU.ActiveCfg = Debug|Any CPU
		{8DC9AA0F-028F-4C73-98FD-46A31DBC174D}.Debug|Any CPU.Build.0 = Debug|Any CPU
		{8DC9AA0F-028F-4C73-98FD-46A31DBC174D}.Release|Any CPU.ActiveCfg = Release|Any CPU
		{8DC9AA0F-028F-4C73-98FD-46A31DBC174D}.Release|Any CPU.Build.0 = Release|Any CPU
		{E3470347-A48E-4899-AFC9-1B6C4832FFC2}.Debug|Any CPU.ActiveCfg = Debug|Any CPU
		{E3470347-A48E-4899-AFC9-1B6C4832FFC2}.Debug|Any CPU.Build.0 = Debug|Any CPU
		{E3470347-A48E-4899-AFC9-1B6C4832FFC2}.Release|Any CPU.ActiveCfg = Release|Any CPU
		{E3470347-A48E-4899-AFC9-1B6C4832FFC2}.Release|Any CPU.Build.0 = Release|Any CPU
		{0DF6783C-412B-4124-99DD-70385C577FAB}.Debug|Any CPU.ActiveCfg = Debug|Any CPU
		{0DF6783C-412B-4124-99DD-70385C577FAB}.Debug|Any CPU.Build.0 = Debug|Any CPU
		{0DF6783C-412B-4124-99DD-70385C577FAB}.Release|Any CPU.ActiveCfg = Release|Any CPU
		{0DF6783C-412B-4124-99DD-70385C577FAB}.Release|Any CPU.Build.0 = Release|Any CPU
	EndGlobalSection
	GlobalSection(SolutionProperties) = preSolution
		HideSolutionNode = FALSE
	EndGlobalSection
	GlobalSection(NestedProjects) = preSolution
		{4404501E-BCC5-41BD-9A67-C67C8FED9FF0} = {BECFFBEF-C7B6-4321-8086-18E7944C9B87}
		{B309A07C-5F22-4772-87D2-CF0BF5B65A8B} = {BECFFBEF-C7B6-4321-8086-18E7944C9B87}
		{A50B0D03-8CDE-47A5-970B-7706555A6848} = {BECFFBEF-C7B6-4321-8086-18E7944C9B87}
		{68C1AEF9-1CD4-4800-AFED-8AB1A71FF2E9} = {BECFFBEF-C7B6-4321-8086-18E7944C9B87}
		{8DC9AA0F-028F-4C73-98FD-46A31DBC174D} = {BECFFBEF-C7B6-4321-8086-18E7944C9B87}
		{E3470347-A48E-4899-AFC9-1B6C4832FFC2} = {938E8E03-C54D-4234-A14A-4CE314992B08}
		{0DF6783C-412B-4124-99DD-70385C577FAB} = {938E8E03-C54D-4234-A14A-4CE314992B08}
	EndGlobalSection
	GlobalSection(ExtensibilityGlobals) = postSolution
		SolutionGuid = {FE1739D1-A22E-4749-94F3-20C3B0DFAEA7}
	EndGlobalSection
EndGlobal
